// !$*UTF8*$!
{
	archiveVersion = 1;
	classes = {
	};
	objectVersion = 48;
	objects = {

/* Begin PBXBuildFile section */
		EB212BD11FA96BF2001707FC /* AppDelegate.swift in Sources */ = {isa = PBXBuildFile; fileRef = EB212BD01FA96BF2001707FC /* AppDelegate.swift */; };
		EB212BD31FA96BF2001707FC /* ViewController.swift in Sources */ = {isa = PBXBuildFile; fileRef = EB212BD21FA96BF2001707FC /* ViewController.swift */; };
		EB212BD61FA96BF2001707FC /* Main.storyboard in Resources */ = {isa = PBXBuildFile; fileRef = EB212BD41FA96BF2001707FC /* Main.storyboard */; };
		EB212BD91FA96BF2001707FC /* _0_coreData.xcdatamodeld in Sources */ = {isa = PBXBuildFile; fileRef = EB212BD71FA96BF2001707FC /* _0_coreData.xcdatamodeld */; };
		EB212BDB1FA96BF2001707FC /* Assets.xcassets in Resources */ = {isa = PBXBuildFile; fileRef = EB212BDA1FA96BF2001707FC /* Assets.xcassets */; };
		EB212BDE1FA96BF2001707FC /* LaunchScreen.storyboard in Resources */ = {isa = PBXBuildFile; fileRef = EB212BDC1FA96BF2001707FC /* LaunchScreen.storyboard */; };
		EB212C021FA96C49001707FC /* dataController.swift in Sources */ = {isa = PBXBuildFile; fileRef = EB212C011FA96C49001707FC /* dataController.swift */; };
/* End PBXBuildFile section */

/* Begin PBXContainerItemProxy section */
		EB212BE51FA96BF2001707FC /* PBXContainerItemProxy */ = {
			isa = PBXContainerItemProxy;
			containerPortal = EB212BC51FA96BF2001707FC /* Project object */;
			proxyType = 1;
			remoteGlobalIDString = EB212BCC1FA96BF2001707FC;
			remoteInfo = "50-coreData";
		};
		EB212BF01FA96BF2001707FC /* PBXContainerItemProxy */ = {
			isa = PBXContainerItemProxy;
			containerPortal = EB212BC51FA96BF2001707FC /* Project object */;
			proxyType = 1;
			remoteGlobalIDString = EB212BCC1FA96BF2001707FC;
			remoteInfo = "50-coreData";
		};
/* End PBXContainerItemProxy section */

/* Begin PBXFileReference section */
		EB212BCD1FA96BF2001707FC /* 50-coreData.app */ = {isa = PBXFileReference; explicitFileType = wrapper.application; includeInIndex = 0; path = "50-coreData.app"; sourceTree = BUILT_PRODUCTS_DIR; };
		EB212BD01FA96BF2001707FC /* AppDelegate.swift */ = {isa = PBXFileReference; lastKnownFileType = sourcecode.swift; path = AppDelegate.swift; sourceTree = "<group>"; };
		EB212BD21FA96BF2001707FC /* ViewController.swift */ = {isa = PBXFileReference; lastKnownFileType = sourcecode.swift; path = ViewController.swift; sourceTree = "<group>"; };
		EB212BD51FA96BF2001707FC /* Base */ = {isa = PBXFileReference; lastKnownFileType = file.storyboard; name = Base; path = Base.lproj/Main.storyboard; sourceTree = "<group>"; };
		EB212BD81FA96BF2001707FC /* _0_coreData.xcdatamodel */ = {isa = PBXFileReference; lastKnownFileType = wrapper.xcdatamodel; path = _0_coreData.xcdatamodel; sourceTree = "<group>"; };
		EB212BDA1FA96BF2001707FC /* Assets.xcassets */ = {isa = PBXFileReference; lastKnownFileType = folder.assetcatalog; path = Assets.xcassets; sourceTree = "<group>"; };
		EB212BDD1FA96BF2001707FC /* Base */ = {isa = PBXFileReference; lastKnownFileType = file.storyboard; name = Base; path = Base.lproj/LaunchScreen.storyboard; sourceTree = "<group>"; };
		EB212BDF1FA96BF2001707FC /* Info.plist */ = {isa = PBXFileReference; lastKnownFileType = text.plist.xml; path = Info.plist; sourceTree = "<group>"; };
		EB212BE41FA96BF2001707FC /* 50-coreDataTests.xctest */ = {isa = PBXFileReference; explicitFileType = wrapper.cfbundle; includeInIndex = 0; path = "50-coreDataTests.xctest"; sourceTree = BUILT_PRODUCTS_DIR; };
		EB212BEF1FA96BF2001707FC /* 50-coreDataUITests.xctest */ = {isa = PBXFileReference; explicitFileType = wrapper.cfbundle; includeInIndex = 0; path = "50-coreDataUITests.xctest"; sourceTree = BUILT_PRODUCTS_DIR; };
		EB212C011FA96C49001707FC /* dataController.swift */ = {isa = PBXFileReference; lastKnownFileType = sourcecode.swift; path = dataController.swift; sourceTree = "<group>"; };
/* End PBXFileReference section */

/* Begin PBXFrameworksBuildPhase section */
		EB212BCA1FA96BF2001707FC /* Frameworks */ = {
			isa = PBXFrameworksBuildPhase;
			buildActionMask = 2147483647;
			files = (
			);
			runOnlyForDeploymentPostprocessing = 0;
		};
		EB212BE11FA96BF2001707FC /* Frameworks */ = {
			isa = PBXFrameworksBuildPhase;
			buildActionMask = 2147483647;
			files = (
			);
			runOnlyForDeploymentPostprocessing = 0;
		};
		EB212BEC1FA96BF2001707FC /* Frameworks */ = {
			isa = PBXFrameworksBuildPhase;
			buildActionMask = 2147483647;
			files = (
			);
			runOnlyForDeploymentPostprocessing = 0;
		};
/* End PBXFrameworksBuildPhase section */

/* Begin PBXGroup section */
		EB212BC41FA96BF2001707FC = {
			isa = PBXGroup;
			children = (
				EB212BCF1FA96BF2001707FC /* 50-coreData */,
				EB212BCE1FA96BF2001707FC /* Products */,
			);
			sourceTree = "<group>";
		};
		EB212BCE1FA96BF2001707FC /* Products */ = {
			isa = PBXGroup;
			children = (
				EB212BCD1FA96BF2001707FC /* 50-coreData.app */,
				EB212BE41FA96BF2001707FC /* 50-coreDataTests.xctest */,
				EB212BEF1FA96BF2001707FC /* 50-coreDataUITests.xctest */,
			);
			name = Products;
			sourceTree = "<group>";
		};
		EB212BCF1FA96BF2001707FC /* 50-coreData */ = {
			isa = PBXGroup;
			children = (
				EB212BD01FA96BF2001707FC /* AppDelegate.swift */,
				EB212BD21FA96BF2001707FC /* ViewController.swift */,
				EB212C011FA96C49001707FC /* dataController.swift */,
				EB212BD41FA96BF2001707FC /* Main.storyboard */,
				EB212BDA1FA96BF2001707FC /* Assets.xcassets */,
				EB212BDC1FA96BF2001707FC /* LaunchScreen.storyboard */,
				EB212BDF1FA96BF2001707FC /* Info.plist */,
				EB212BD71FA96BF2001707FC /* _0_coreData.xcdatamodeld */,
			);
			path = "50-coreData";
			sourceTree = "<group>";
		};
/* End PBXGroup section */

/* Begin PBXNativeTarget section */
		EB212BCC1FA96BF2001707FC /* 50-coreData */ = {
			isa = PBXNativeTarget;
			buildConfigurationList = EB212BF81FA96BF2001707FC /* Build configuration list for PBXNativeTarget "50-coreData" */;
			buildPhases = (
				EB212BC91FA96BF2001707FC /* Sources */,
				EB212BCA1FA96BF2001707FC /* Frameworks */,
				EB212BCB1FA96BF2001707FC /* Resources */,
			);
			buildRules = (
			);
			dependencies = (
			);
			name = "50-coreData";
			productName = "50-coreData";
			productReference = EB212BCD1FA96BF2001707FC /* 50-coreData.app */;
			productType = "com.apple.product-type.application";
		};
		EB212BE31FA96BF2001707FC /* 50-coreDataTests */ = {
			isa = PBXNativeTarget;
			buildConfigurationList = EB212BFB1FA96BF2001707FC /* Build configuration list for PBXNativeTarget "50-coreDataTests" */;
			buildPhases = (
				EB212BE01FA96BF2001707FC /* Sources */,
				EB212BE11FA96BF2001707FC /* Frameworks */,
				EB212BE21FA96BF2001707FC /* Resources */,
			);
			buildRules = (
			);
			dependencies = (
				EB212BE61FA96BF2001707FC /* PBXTargetDependency */,
			);
			name = "50-coreDataTests";
			productName = "50-coreDataTests";
			productReference = EB212BE41FA96BF2001707FC /* 50-coreDataTests.xctest */;
			productType = "com.apple.product-type.bundle.unit-test";
		};
		EB212BEE1FA96BF2001707FC /* 50-coreDataUITests */ = {
			isa = PBXNativeTarget;
			buildConfigurationList = EB212BFE1FA96BF2001707FC /* Build configuration list for PBXNativeTarget "50-coreDataUITests" */;
			buildPhases = (
				EB212BEB1FA96BF2001707FC /* Sources */,
				EB212BEC1FA96BF2001707FC /* Frameworks */,
				EB212BED1FA96BF2001707FC /* Resources */,
			);
			buildRules = (
			);
			dependencies = (
				EB212BF11FA96BF2001707FC /* PBXTargetDependency */,
			);
			name = "50-coreDataUITests";
			productName = "50-coreDataUITests";
			productReference = EB212BEF1FA96BF2001707FC /* 50-coreDataUITests.xctest */;
			productType = "com.apple.product-type.bundle.ui-testing";
		};
/* End PBXNativeTarget section */

/* Begin PBXProject section */
		EB212BC51FA96BF2001707FC /* Project object */ = {
			isa = PBXProject;
			attributes = {
				LastSwiftUpdateCheck = 0910;
				LastUpgradeCheck = 0910;
				ORGANIZATIONNAME = "Jacob Schantz";
				TargetAttributes = {
					EB212BCC1FA96BF2001707FC = {
						CreatedOnToolsVersion = 9.1;
						ProvisioningStyle = Automatic;
					};
					EB212BE31FA96BF2001707FC = {
						CreatedOnToolsVersion = 9.1;
						ProvisioningStyle = Automatic;
						TestTargetID = EB212BCC1FA96BF2001707FC;
					};
					EB212BEE1FA96BF2001707FC = {
						CreatedOnToolsVersion = 9.1;
						ProvisioningStyle = Automatic;
						TestTargetID = EB212BCC1FA96BF2001707FC;
					};
				};
			};
			buildConfigurationList = EB212BC81FA96BF2001707FC /* Build configuration list for PBXProject "50-coreData" */;
			compatibilityVersion = "Xcode 8.0";
			developmentRegion = en;
			hasScannedForEncodings = 0;
			knownRegions = (
				en,
				Base,
			);
			mainGroup = EB212BC41FA96BF2001707FC;
			productRefGroup = EB212BCE1FA96BF2001707FC /* Products */;
			projectDirPath = "";
			projectRoot = "";
			targets = (
				EB212BCC1FA96BF2001707FC /* 50-coreData */,
				EB212BE31FA96BF2001707FC /* 50-coreDataTests */,
				EB212BEE1FA96BF2001707FC /* 50-coreDataUITests */,
			);
		};
/* End PBXProject section */

/* Begin PBXResourcesBuildPhase section */
		EB212BCB1FA96BF2001707FC /* Resources */ = {
			isa = PBXResourcesBuildPhase;
			buildActionMask = 2147483647;
			files = (
				EB212BDE1FA96BF2001707FC /* LaunchScreen.storyboard in Resources */,
				EB212BDB1FA96BF2001707FC /* Assets.xcassets in Resources */,
				EB212BD61FA96BF2001707FC /* Main.storyboard in Resources */,
			);
			runOnlyForDeploymentPostprocessing = 0;
		};
		EB212BE21FA96BF2001707FC /* Resources */ = {
			isa = PBXResourcesBuildPhase;
			buildActionMask = 2147483647;
			files = (
			);
			runOnlyForDeploymentPostprocessing = 0;
		};
		EB212BED1FA96BF2001707FC /* Resources */ = {
			isa = PBXResourcesBuildPhase;
			buildActionMask = 2147483647;
			files = (
			);
			runOnlyForDeploymentPostprocessing = 0;
		};
/* End PBXResourcesBuildPhase section */

/* Begin PBXSourcesBuildPhase section */
		EB212BC91FA96BF2001707FC /* Sources */ = {
			isa = PBXSourcesBuildPhase;
			buildActionMask = 2147483647;
			files = (
				EB212BD31FA96BF2001707FC /* ViewController.swift in Sources */,
				EB212C021FA96C49001707FC /* dataController.swift in Sources */,
				EB212BD11FA96BF2001707FC /* AppDelegate.swift in Sources */,
				EB212BD91FA96BF2001707FC /* _0_coreData.xcdatamodeld in Sources */,
			);
			runOnlyForDeploymentPostprocessing = 0;
		};
		EB212BE01FA96BF2001707FC /* Sources */ = {
			isa = PBXSourcesBuildPhase;
			buildActionMask = 2147483647;
			files = (
			);
			runOnlyForDeploymentPostprocessing = 0;
		};
		EB212BEB1FA96BF2001707FC /* Sources */ = {
			isa = PBXSourcesBuildPhase;
			buildActionMask = 2147483647;
			files = (
			);
			runOnlyForDeploymentPostprocessing = 0;
		};
/* End PBXSourcesBuildPhase section */

/* Begin PBXTargetDependency section */
		EB212BE61FA96BF2001707FC /* PBXTargetDependency */ = {
			isa = PBXTargetDependency;
			target = EB212BCC1FA96BF2001707FC /* 50-coreData */;
			targetProxy = EB212BE51FA96BF2001707FC /* PBXContainerItemProxy */;
		};
		EB212BF11FA96BF2001707FC /* PBXTargetDependency */ = {
			isa = PBXTargetDependency;
			target = EB212BCC1FA96BF2001707FC /* 50-coreData */;
			targetProxy = EB212BF01FA96BF2001707FC /* PBXContainerItemProxy */;
		};
/* End PBXTargetDependency section */

/* Begin PBXVariantGroup section */
		EB212BD41FA96BF2001707FC /* Main.storyboard */ = {
			isa = PBXVariantGroup;
			children = (
				EB212BD51FA96BF2001707FC /* Base */,
			);
			name = Main.storyboard;
			sourceTree = "<group>";
		};
		EB212BDC1FA96BF2001707FC /* LaunchScreen.storyboard */ = {
			isa = PBXVariantGroup;
			children = (
				EB212BDD1FA96BF2001707FC /* Base */,
			);
			name = LaunchScreen.storyboard;
			sourceTree = "<group>";
		};
/* End PBXVariantGroup section */

/* Begin XCBuildConfiguration section */
		EB212BF61FA96BF2001707FC /* Debug */ = {
			isa = XCBuildConfiguration;
			buildSettings = {
				ALWAYS_SEARCH_USER_PATHS = NO;
				CLANG_ANALYZER_NONNULL = YES;
				CLANG_ANALYZER_NUMBER_OBJECT_CONVERSION = YES_AGGRESSIVE;
				CLANG_CXX_LANGUAGE_STANDARD = "gnu++14";
				CLANG_CXX_LIBRARY = "libc++";
				CLANG_ENABLE_MODULES = YES;
				CLANG_ENABLE_OBJC_ARC = YES;
				CLANG_WARN_BLOCK_CAPTURE_AUTORELEASING = YES;
				CLANG_WARN_BOOL_CONVERSION = YES;
				CLANG_WARN_COMMA = YES;
				CLANG_WARN_CONSTANT_CONVERSION = YES;
				CLANG_WARN_DIRECT_OBJC_ISA_USAGE = YES_ERROR;
				CLANG_WARN_DOCUMENTATION_COMMENTS = YES;
				CLANG_WARN_EMPTY_BODY = YES;
				CLANG_WARN_ENUM_CONVERSION = YES;
				CLANG_WARN_INFINITE_RECURSION = YES;
				CLANG_WARN_INT_CONVERSION = YES;
				CLANG_WARN_NON_LITERAL_NULL_CONVERSION = YES;
				CLANG_WARN_OBJC_LITERAL_CONVERSION = YES;
				CLANG_WARN_OBJC_ROOT_CLASS = YES_ERROR;
				CLANG_WARN_RANGE_LOOP_ANALYSIS = YES;
				CLANG_WARN_STRICT_PROTOTYPES = YES;
				CLANG_WARN_SUSPICIOUS_MOVE = YES;
				CLANG_WARN_UNGUARDED_AVAILABILITY = YES_AGGRESSIVE;
				CLANG_WARN_UNREACHABLE_CODE = YES;
				CLANG_WARN__DUPLICATE_METHOD_MATCH = YES;
				CODE_SIGN_IDENTITY = "iPhone Developer";
				COPY_PHASE_STRIP = NO;
				DEBUG_INFORMATION_FORMAT = dwarf;
				ENABLE_STRICT_OBJC_MSGSEND = YES;
				ENABLE_TESTABILITY = YES;
				GCC_C_LANGUAGE_STANDARD = gnu11;
				GCC_DYNAMIC_NO_PIC = NO;
				GCC_NO_COMMON_BLOCKS = YES;
				GCC_OPTIMIZATION_LEVEL = 0;
				GCC_PREPROCESSOR_DEFINITIONS = (
					"DEBUG=1",
					"$(inherited)",
				);
				GCC_WARN_64_TO_32_BIT_CONVERSION = YES;
				GCC_WARN_ABOUT_RETURN_TYPE = YES_ERROR;
				GCC_WARN_UNDECLARED_SELECTOR = YES;
				GCC_WARN_UNINITIALIZED_AUTOS = YES_AGGRESSIVE;
				GCC_WARN_UNUSED_FUNCTION = YES;
				GCC_WARN_UNUSED_VARIABLE = YES;
				IPHONEOS_DEPLOYMENT_TARGET = 11.1;
				MTL_ENABLE_DEBUG_INFO = YES;
				ONLY_ACTIVE_ARCH = YES;
				SDKROOT = iphoneos;
				SWIFT_ACTIVE_COMPILATION_CONDITIONS = DEBUG;
				SWIFT_OPTIMIZATION_LEVEL = "-Onone";
			};
			name = Debug;
		};
		EB212BF71FA96BF2001707FC /* Release */ = {
			isa = XCBuildConfiguration;
			buildSettings = {
				ALWAYS_SEARCH_USER_PATHS = NO;
				CLANG_ANALYZER_NONNULL = YES;
				CLANG_ANALYZER_NUMBER_OBJECT_CONVERSION = YES_AGGRESSIVE;
				CLANG_CXX_LANGUAGE_STANDARD = "gnu++14";
				CLANG_CXX_LIBRARY = "libc++";
				CLANG_ENABLE_MODULES = YES;
				CLANG_ENABLE_OBJC_ARC = YES;
				CLANG_WARN_BLOCK_CAPTURE_AUTORELEASING = YES;
				CLANG_WARN_BOOL_CONVERSION = YES;
				CLANG_WARN_COMMA = YES;
				CLANG_WARN_CONSTANT_CONVERSION = YES;
				CLANG_WARN_DIRECT_OBJC_ISA_USAGE = YES_ERROR;
				CLANG_WARN_DOCUMENTATION_COMMENTS = YES;
				CLANG_WARN_EMPTY_BODY = YES;
				CLANG_WARN_ENUM_CONVERSION = YES;
				CLANG_WARN_INFINITE_RECURSION = YES;
				CLANG_WARN_INT_CONVERSION = YES;
				CLANG_WARN_NON_LITERAL_NULL_CONVERSION = YES;
				CLANG_WARN_OBJC_LITERAL_CONVERSION = YES;
				CLANG_WARN_OBJC_ROOT_CLASS = YES_ERROR;
				CLANG_WARN_RANGE_LOOP_ANALYSIS = YES;
				CLANG_WARN_STRICT_PROTOTYPES = YES;
				CLANG_WARN_SUSPICIOUS_MOVE = YES;
				CLANG_WARN_UNGUARDED_AVAILABILITY = YES_AGGRESSIVE;
				CLANG_WARN_UNREACHABLE_CODE = YES;
				CLANG_WARN__DUPLICATE_METHOD_MATCH = YES;
				CODE_SIGN_IDENTITY = "iPhone Developer";
				COPY_PHASE_STRIP = NO;
				DEBUG_INFORMATION_FORMAT = "dwarf-with-dsym";
				ENABLE_NS_ASSERTIONS = NO;
				ENABLE_STRICT_OBJC_MSGSEND = YES;
				GCC_C_LANGUAGE_STANDARD = gnu11;
				GCC_NO_COMMON_BLOCKS = YES;
				GCC_WARN_64_TO_32_BIT_CONVERSION = YES;
				GCC_WARN_ABOUT_RETURN_TYPE = YES_ERROR;
				GCC_WARN_UNDECLARED_SELECTOR = YES;
				GCC_WARN_UNINITIALIZED_AUTOS = YES_AGGRESSIVE;
				GCC_WARN_UNUSED_FUNCTION = YES;
				GCC_WARN_UNUSED_VARIABLE = YES;
				IPHONEOS_DEPLOYMENT_TARGET = 11.1;
				MTL_ENABLE_DEBUG_INFO = NO;
				SDKROOT = iphoneos;
				SWIFT_OPTIMIZATION_LEVEL = "-Owholemodule";
				VALIDATE_PRODUCT = YES;
			};
			name = Release;
		};
		EB212BF91FA96BF2001707FC /* Debug */ = {
			isa = XCBuildConfiguration;
			buildSettings = {
				ASSETCATALOG_COMPILER_APPICON_NAME = AppIcon;
				CODE_SIGN_STYLE = Automatic;
				DEVELOPMENT_TEAM = C545RG9LW8;
				INFOPLIST_FILE = "50-coreData/Info.plist";
				LD_RUNPATH_SEARCH_PATHS = "$(inherited) @executable_path/Frameworks";
				PRODUCT_BUNDLE_IDENTIFIER = "Jacob-Schantz.-0-coreData";
				PRODUCT_NAME = "$(TARGET_NAME)";
				SWIFT_VERSION = 4.0;
				TARGETED_DEVICE_FAMILY = "1,2";
			};
			name = Debug;
		};
		EB212BFA1FA96BF2001707FC /* Release */ = {
			isa = XCBuildConfiguration;
			buildSettings = {
				ASSETCATALOG_COMPILER_APPICON_NAME = AppIcon;
				CODE_SIGN_STYLE = Automatic;
				DEVELOPMENT_TEAM = C545RG9LW8;
				INFOPLIST_FILE = "50-coreData/Info.plist";
				LD_RUNPATH_SEARCH_PATHS = "$(inherited) @executable_path/Frameworks";
				PRODUCT_BUNDLE_IDENTIFIER = "Jacob-Schantz.-0-coreData";
				PRODUCT_NAME = "$(TARGET_NAME)";
				SWIFT_VERSION = 4.0;
				TARGETED_DEVICE_FAMILY = "1,2";
			};
			name = Release;
		};
		EB212BFC1FA96BF2001707FC /* Debug */ = {
			isa = XCBuildConfiguration;
			buildSettings = {
				ALWAYS_EMBED_SWIFT_STANDARD_LIBRARIES = YES;
				BUNDLE_LOADER = "$(TEST_HOST)";
				CODE_SIGN_STYLE = Automatic;
				DEVELOPMENT_TEAM = C545RG9LW8;
				INFOPLIST_FILE = "50-coreDataTests/Info.plist";
				LD_RUNPATH_SEARCH_PATHS = "$(inherited) @executable_path/Frameworks @loader_path/Frameworks";
				PRODUCT_BUNDLE_IDENTIFIER = "Jacob-Schantz.-0-coreDataTests";
				PRODUCT_NAME = "$(TARGET_NAME)";
				SWIFT_VERSION = 4.0;
				TARGETED_DEVICE_FAMILY = "1,2";
				TEST_HOST = "$(BUILT_PRODUCTS_DIR)/50-coreData.app/50-coreData";
			};
			name = Debug;
		};
		EB212BFD1FA96BF2001707FC /* Release */ = {
			isa = XCBuildConfiguration;
			buildSettings = {
				ALWAYS_EMBED_SWIFT_STANDARD_LIBRARIES = YES;
				BUNDLE_LOADER = "$(TEST_HOST)";
				CODE_SIGN_STYLE = Automatic;
				DEVELOPMENT_TEAM = C545RG9LW8;
				INFOPLIST_FILE = "50-coreDataTests/Info.plist";
				LD_RUNPATH_SEARCH_PATHS = "$(inherited) @executable_path/Frameworks @loader_path/Frameworks";
				PRODUCT_BUNDLE_IDENTIFIER = "Jacob-Schantz.-0-coreDataTests";
				PRODUCT_NAME = "$(TARGET_NAME)";
				SWIFT_VERSION = 4.0;
				TARGETED_DEVICE_FAMILY = "1,2";
				TEST_HOST = "$(BUILT_PRODUCTS_DIR)/50-coreData.app/50-coreData";
			};
			name = Release;
		};
		EB212BFF1FA96BF2001707FC /* Debug */ = {
			isa = XCBuildConfiguration;
			buildSettings = {
				ALWAYS_EMBED_SWIFT_STANDARD_LIBRARIES = YES;
				CODE_SIGN_STYLE = Automatic;
				DEVELOPMENT_TEAM = C545RG9LW8;
				INFOPLIST_FILE = "50-coreDataUITests/Info.plist";
				LD_RUNPATH_SEARCH_PATHS = "$(inherited) @executable_path/Frameworks @loader_path/Frameworks";
				PRODUCT_BUNDLE_IDENTIFIER = "Jacob-Schantz.-0-coreDataUITests";
				PRODUCT_NAME = "$(TARGET_NAME)";
				SWIFT_VERSION = 4.0;
				TARGETED_DEVICE_FAMILY = "1,2";
				TEST_TARGET_NAME = "50-coreData";
			};
			name = Debug;
		};
		EB212C001FA96BF2001707FC /* Release */ = {
			isa = XCBuildConfiguration;
			buildSettings = {
				ALWAYS_EMBED_SWIFT_STANDARD_LIBRARIES = YES;
				CODE_SIGN_STYLE = Automatic;
				DEVELOPMENT_TEAM = C545RG9LW8;
				INFOPLIST_FILE = "50-coreDataUITests/Info.plist";
				LD_RUNPATH_SEARCH_PATHS = "$(inherited) @executable_path/Frameworks @loader_path/Frameworks";
				PRODUCT_BUNDLE_IDENTIFIER = "Jacob-Schantz.-0-coreDataUITests";
				PRODUCT_NAME = "$(TARGET_NAME)";
				SWIFT_VERSION = 4.0;
				TARGETED_DEVICE_FAMILY = "1,2";
				TEST_TARGET_NAME = "50-coreData";
			};
			name = Release;
		};
/* End XCBuildConfiguration section */

/* Begin XCConfigurationList section */
		EB212BC81FA96BF2001707FC /* Build configuration list for PBXProject "50-coreData" */ = {
			isa = XCConfigurationList;
			buildConfigurations = (
				EB212BF61FA96BF2001707FC /* Debug */,
				EB212BF71FA96BF2001707FC /* Release */,
			);
			defaultConfigurationIsVisible = 0;
			defaultConfigurationName = Release;
		};
		EB212BF81FA96BF2001707FC /* Build configuration list for PBXNativeTarget "50-coreData" */ = {
			isa = XCConfigurationList;
			buildConfigurations = (
				EB212BF91FA96BF2001707FC /* Debug */,
				EB212BFA1FA96BF2001707FC /* Release */,
			);
			defaultConfigurationIsVisible = 0;
			defaultConfigurationName = Release;
		};
		EB212BFB1FA96BF2001707FC /* Build configuration list for PBXNativeTarget "50-coreDataTests" */ = {
			isa = XCConfigurationList;
			buildConfigurations = (
				EB212BFC1FA96BF2001707FC /* Debug */,
				EB212BFD1FA96BF2001707FC /* Release */,
			);
			defaultConfigurationIsVisible = 0;
			defaultConfigurationName = Release;
		};
		EB212BFE1FA96BF2001707FC /* Build configuration list for PBXNativeTarget "50-coreDataUITests" */ = {
			isa = XCConfigurationList;
			buildConfigurations = (
				EB212BFF1FA96BF2001707FC /* Debug */,
				EB212C001FA96BF2001707FC /* Release */,
			);
			defaultConfigurationIsVisible = 0;
			defaultConfigurationName = Release;
		};
/* End XCConfigurationList section */

/* Begin XCVersionGroup section */
		EB212BD71FA96BF2001707FC /* _0_coreData.xcdatamodeld */ = {
			isa = XCVersionGroup;
			children = (
				EB212BD81FA96BF2001707FC /* _0_coreData.xcdatamodel */,
			);
			currentVersion = EB212BD81FA96BF2001707FC /* _0_coreData.xcdatamodel */;
			path = _0_coreData.xcdatamodeld;
			sourceTree = "<group>";
			versionGroupType = wrapper.xcdatamodel;
		};
/* End XCVersionGroup section */
	};
	rootObject = EB212BC51FA96BF2001707FC /* Project object */;
}
